
Microsoft Visual Studio Solution File, Format Version 12.00
# Visual Studio Version 16
VisualStudioVersion = 16.0.31321.278
MinimumVisualStudioVersion = 10.0.40219.1
Project("{FAE04EC0-301F-11D3-BF4B-00C04F79EFBC}") = "WorkTrackerConsoleApp", "WorkTrackerConsoleApp\WorkTrackerConsoleApp.csproj", "{E9AF40E9-DCA0-4BA5-BEFD-DCB43D21B052}"
EndProject
Global
	GlobalSection(SolutionConfigurationPlatforms) = preSolution
		Debug|Any CPU = Debug|Any CPU
		Release|Any CPU = Release|Any CPU
	EndGlobalSection
	GlobalSection(ProjectConfigurationPlatforms) = postSolution
		{E9AF40E9-DCA0-4BA5-BEFD-DCB43D21B052}.Debug|Any CPU.ActiveCfg = Debug|Any CPU
		{E9AF40E9-DCA0-4BA5-BEFD-DCB43D21B052}.Debug|Any CPU.Build.0 = Debug|Any CPU
		{E9AF40E9-DCA0-4BA5-BEFD-DCB43D21B052}.Release|Any CPU.ActiveCfg = Release|Any CPU
		{E9AF40E9-DCA0-4BA5-BEFD-DCB43D21B052}.Release|Any CPU.Build.0 = Release|Any CPU
	EndGlobalSection
	GlobalSection(SolutionProperties) = preSolution
		HideSolutionNode = FALSE
	EndGlobalSection
	GlobalSection(ExtensibilityGlobals) = postSolution
		SolutionGuid = {190C1EB5-A7CB-4FF9-A800-C6F7B33C4D16}
	EndGlobalSection
EndGlobal
